
Microsoft Visual Studio Solution File, Format Version 12.00
# Visual Studio Version 16
VisualStudioVersion = 16.0.30011.22
MinimumVisualStudioVersion = 10.0.40219.1
Project("{FAE04EC0-301F-11D3-BF4B-00C04F79EFBC}") = "Lab2_Movie", "Lab2_Movie\Lab2_Movie.csproj", "{570AE1C1-B858-40F6-BFB2-52AD78B3560D}"
EndProject
Global
	GlobalSection(SolutionConfigurationPlatforms) = preSolution
		Debug|Any CPU = Debug|Any CPU
		Release|Any CPU = Release|Any CPU
	EndGlobalSection
	GlobalSection(ProjectConfigurationPlatforms) = postSolution
		{570AE1C1-B858-40F6-BFB2-52AD78B3560D}.Debug|Any CPU.ActiveCfg = Debug|Any CPU
		{570AE1C1-B858-40F6-BFB2-52AD78B3560D}.Debug|Any CPU.Build.0 = Debug|Any CPU
		{570AE1C1-B858-40F6-BFB2-52AD78B3560D}.Release|Any CPU.ActiveCfg = Release|Any CPU
		{570AE1C1-B858-40F6-BFB2-52AD78B3560D}.Release|Any CPU.Build.0 = Release|Any CPU
	EndGlobalSection
	GlobalSection(SolutionProperties) = preSolution
		HideSolutionNode = FALSE
	EndGlobalSection
	GlobalSection(ExtensibilityGlobals) = postSolution
		SolutionGuid = {A702880D-A5BF-4DAC-91D1-68751B783E99}
	EndGlobalSection
EndGlobal
